
Microsoft Visual Studio Solution File, Format Version 11.00
# Visual Studio 2010
Project("{FAE04EC0-301F-11D3-BF4B-00C04F79EFBC}") = "GDApp", "GDApp\GDApp\GDApp.csproj", "{9B79610F-1B6D-4EA6-A886-EC2FAE3BAB56}"
EndProject
Project("{96E2B04D-8817-42C6-938A-82C39BA4D311}") = "GDAppContent", "GDApp\GDAppContent\GDAppContent.contentproj", "{A8302FA8-6217-4691-BDFF-0D183CB4B6E5}"
EndProject
Global
	GlobalSection(SolutionConfigurationPlatforms) = preSolution
		Debug|x86 = Debug|x86
		Release|x86 = Release|x86
	EndGlobalSection
	GlobalSection(ProjectConfigurationPlatforms) = postSolution
		{9B79610F-1B6D-4EA6-A886-EC2FAE3BAB56}.Debug|x86.ActiveCfg = Debug|x86
		{9B79610F-1B6D-4EA6-A886-EC2FAE3BAB56}.Debug|x86.Build.0 = Debug|x86
		{9B79610F-1B6D-4EA6-A886-EC2FAE3BAB56}.Release|x86.ActiveCfg = Release|x86
		{9B79610F-1B6D-4EA6-A886-EC2FAE3BAB56}.Release|x86.Build.0 = Release|x86
		{A8302FA8-6217-4691-BDFF-0D183CB4B6E5}.Debug|x86.ActiveCfg = Debug|x86
		{A8302FA8-6217-4691-BDFF-0D183CB4B6E5}.Release|x86.ActiveCfg = Release|x86
	EndGlobalSection
	GlobalSection(SolutionProperties) = preSolution
		HideSolutionNode = FALSE
	EndGlobalSection
EndGlobal
